
Microsoft Visual Studio Solution File, Format Version 12.00
# Visual Studio Version 17
VisualStudioVersion = 17.7.34018.315
MinimumVisualStudioVersion = 10.0.40219.1
Project("{FAE04EC0-301F-11D3-BF4B-00C04F79EFBC}") = "Categorizer180", "Categorizer180\Categorizer180.csproj", "{AF660F4D-464F-4CF3-B129-59CC6B882A49}"
EndProject
Global
	GlobalSection(SolutionConfigurationPlatforms) = preSolution
		Debug|Any CPU = Debug|Any CPU
		Release|Any CPU = Release|Any CPU
	EndGlobalSection
	GlobalSection(ProjectConfigurationPlatforms) = postSolution
		{AF660F4D-464F-4CF3-B129-59CC6B882A49}.Debug|Any CPU.ActiveCfg = Debug|Any CPU
		{AF660F4D-464F-4CF3-B129-59CC6B882A49}.Debug|Any CPU.Build.0 = Debug|Any CPU
		{AF660F4D-464F-4CF3-B129-59CC6B882A49}.Release|Any CPU.ActiveCfg = Release|Any CPU
		{AF660F4D-464F-4CF3-B129-59CC6B882A49}.Release|Any CPU.Build.0 = Release|Any CPU
	EndGlobalSection
	GlobalSection(SolutionProperties) = preSolution
		HideSolutionNode = FALSE
	EndGlobalSection
	GlobalSection(ExtensibilityGlobals) = postSolution
		SolutionGuid = {3F0F96CD-4E2A-492E-A3EF-A7A45089F551}
	EndGlobalSection
EndGlobal
